
Microsoft Visual Studio Solution File, Format Version 12.00
# Visual Studio 15
VisualStudioVersion = 15.0.27130.2027
MinimumVisualStudioVersion = 10.0.40219.1
Project("{FAE04EC0-301F-11D3-BF4B-00C04F79EFBC}") = "MultiplicationTables", "MultiplicationTables\MultiplicationTables.csproj", "{6ECB7D91-06D9-4936-A92C-91A2079CFD3E}"
EndProject
Global
	GlobalSection(SolutionConfigurationPlatforms) = preSolution
		Debug|Any CPU = Debug|Any CPU
		Release|Any CPU = Release|Any CPU
	EndGlobalSection
	GlobalSection(ProjectConfigurationPlatforms) = postSolution
		{6ECB7D91-06D9-4936-A92C-91A2079CFD3E}.Debug|Any CPU.ActiveCfg = Debug|Any CPU
		{6ECB7D91-06D9-4936-A92C-91A2079CFD3E}.Debug|Any CPU.Build.0 = Debug|Any CPU
		{6ECB7D91-06D9-4936-A92C-91A2079CFD3E}.Release|Any CPU.ActiveCfg = Release|Any CPU
		{6ECB7D91-06D9-4936-A92C-91A2079CFD3E}.Release|Any CPU.Build.0 = Release|Any CPU
	EndGlobalSection
	GlobalSection(SolutionProperties) = preSolution
		HideSolutionNode = FALSE
	EndGlobalSection
	GlobalSection(ExtensibilityGlobals) = postSolution
		SolutionGuid = {32FD411A-7EE1-4936-AF08-3AB17D8D8B83}
	EndGlobalSection
EndGlobal
